
Microsoft Visual Studio Solution File, Format Version 12.00
# Visual Studio 15
VisualStudioVersion = 15.0.27703.2042
MinimumVisualStudioVersion = 10.0.40219.1
Project("{9A19103F-16F7-4668-BE54-9A1E7A4F7556}") = "TempDBGenerator", "TempDBGenerator\TempDBGenerator.csproj", "{CD0BCA90-E318-4176-8968-2AF08E3BC096}"
EndProject
Project("{9A19103F-16F7-4668-BE54-9A1E7A4F7556}") = "Provider.EntityFramework.Migration", "Glasswall.Provider.EntityFramework.Migration\Provider.EntityFramework.Migration.csproj", "{86ECE5D9-8FF1-494C-976C-814F5B79A96B}"
EndProject
Global
	GlobalSection(SolutionConfigurationPlatforms) = preSolution
		Debug|Any CPU = Debug|Any CPU
		Release|Any CPU = Release|Any CPU
	EndGlobalSection
	GlobalSection(ProjectConfigurationPlatforms) = postSolution
		{CD0BCA90-E318-4176-8968-2AF08E3BC096}.Debug|Any CPU.ActiveCfg = Debug|Any CPU
		{CD0BCA90-E318-4176-8968-2AF08E3BC096}.Debug|Any CPU.Build.0 = Debug|Any CPU
		{CD0BCA90-E318-4176-8968-2AF08E3BC096}.Release|Any CPU.ActiveCfg = Release|Any CPU
		{CD0BCA90-E318-4176-8968-2AF08E3BC096}.Release|Any CPU.Build.0 = Release|Any CPU
		{86ECE5D9-8FF1-494C-976C-814F5B79A96B}.Debug|Any CPU.ActiveCfg = Debug|Any CPU
		{86ECE5D9-8FF1-494C-976C-814F5B79A96B}.Debug|Any CPU.Build.0 = Debug|Any CPU
		{86ECE5D9-8FF1-494C-976C-814F5B79A96B}.Release|Any CPU.ActiveCfg = Release|Any CPU
		{86ECE5D9-8FF1-494C-976C-814F5B79A96B}.Release|Any CPU.Build.0 = Release|Any CPU
	EndGlobalSection
	GlobalSection(SolutionProperties) = preSolution
		HideSolutionNode = FALSE
	EndGlobalSection
	GlobalSection(ExtensibilityGlobals) = postSolution
		SolutionGuid = {DAA44765-7EE0-42D8-8195-AE114BE424D3}
	EndGlobalSection
EndGlobal
